
Microsoft Visual Studio Solution File, Format Version 12.00
# Visual Studio Version 16
VisualStudioVersion = 16.0.28803.156
MinimumVisualStudioVersion = 10.0.40219.1
Project("{9A19103F-16F7-4668-BE54-9A1E7A4F7556}") = "BiggerBazaar", "BiggerBazaar\BiggerBazaar.csproj", "{C300F33C-9319-478E-9F9D-E521C562ADFB}"
EndProject
Project("{9A19103F-16F7-4668-BE54-9A1E7A4F7556}") = "LunarCoinChanceMultiplier", "LunarCoinChanceMultiplier\LunarCoinChanceMultiplier.csproj", "{E08AAD38-AC47-46FC-B60A-6BA190AACFEB}"
EndProject
Project("{9A19103F-16F7-4668-BE54-9A1E7A4F7556}") = "CheaperCauldrons", "CheaperCauldrons\CheaperCauldrons.csproj", "{2AC34152-3665-4685-BE4B-CEDAB2EE8613}"
EndProject
Project("{9A19103F-16F7-4668-BE54-9A1E7A4F7556}") = "ItemExchangeNotifier", "ItemExchangeNotifier\ItemExchangeNotifier.csproj", "{940CAB92-F2D0-4ED2-8879-653BBBD0C430}"
EndProject
Project("{9A19103F-16F7-4668-BE54-9A1E7A4F7556}") = "ShrineOfDio", "ShrineOfDio\ShrineOfDio.csproj", "{2238197E-CA3A-4C3D-BF4B-329AD1986BD1}"
EndProject
Project("{9A19103F-16F7-4668-BE54-9A1E7A4F7556}") = "StartInBazaar", "StartInBazaar\StartInBazaar.csproj", "{898F4A9D-2D18-474C-B722-9F609C2050FF}"
EndProject
Project("{9A19103F-16F7-4668-BE54-9A1E7A4F7556}") = "GuaranteedBossShrine", "GuaranteedBossShrine\GuaranteedBossShrine.csproj", "{F2C49248-9CD9-4254-AD9E-84C07AAF1FE6}"
EndProject
Project("{2150E333-8FDC-42A3-9474-1A3956D46DE8}") = "libs", "libs", "{4F5103D6-1A98-40C3-B17A-B1860FCDB213}"
	ProjectSection(SolutionItems) = preProject
		libs\Assembly-CSharp.dll = libs\Assembly-CSharp.dll
		libs\BepInEx.dll = libs\BepInEx.dll
		libs\MMHOOK_Assembly-CSharp.dll = libs\MMHOOK_Assembly-CSharp.dll
		libs\Mono.Cecil.dll = libs\Mono.Cecil.dll
		libs\MonoMod.Utils.dll = libs\MonoMod.Utils.dll
		libs\R2API.dll = libs\R2API.dll
		libs\ReinDirectorCardLib.dll = libs\ReinDirectorCardLib.dll
		libs\Unity.TextMeshPro.dll = libs\Unity.TextMeshPro.dll
		libs\UnityEngine.CoreModule.dll = libs\UnityEngine.CoreModule.dll
		libs\UnityEngine.dll = libs\UnityEngine.dll
		libs\UnityEngine.Networking.dll = libs\UnityEngine.Networking.dll
		libs\UnityEngine.UI.dll = libs\UnityEngine.UI.dll
	EndProjectSection
EndProject
Project("{9A19103F-16F7-4668-BE54-9A1E7A4F7556}") = "BossRush", "BossRush\BossRush.csproj", "{14798C4F-2567-4183-8CF1-592E545997F3}"
EndProject
Project("{9A19103F-16F7-4668-BE54-9A1E7A4F7556}") = "DisableItemEquipmentDisplay", "DisableItemEquipmentDisplay\DisableItemEquipmentDisplay.csproj", "{1423AD98-D1AA-458C-8ADF-39D5928F77A5}"
EndProject
Project("{9A19103F-16F7-4668-BE54-9A1E7A4F7556}") = "BazaarPrinter", "BazaarPrinter\BazaarPrinter.csproj", "{2B0AEE69-8518-495A-ABAB-AA3008CC0BAB}"
EndProject
Project("{9A19103F-16F7-4668-BE54-9A1E7A4F7556}") = "TemporaryLunarCoins", "TemporaryLunarCoins\TemporaryLunarCoins.csproj", "{2FF13F8E-509A-4A49-BE82-67CD65F9B012}"
EndProject
Project("{9A19103F-16F7-4668-BE54-9A1E7A4F7556}") = "BossShop", "BossShop\BossShop.csproj", "{1276B255-728F-4EDE-985D-A800DD54AC50}"
EndProject
Project("{9A19103F-16F7-4668-BE54-9A1E7A4F7556}") = "LocalConnect", "LocalConnect\LocalConnect.csproj", "{3E4106F3-2BDB-4B7A-8329-35BC07C8250E}"
EndProject
Project("{FAE04EC0-301F-11D3-BF4B-00C04F79EFBC}") = "ModSyncForcer", "ModSyncForcer\ModSyncForcer.csproj", "{67FD9018-CF98-48F7-9F30-D636CC4F63ED}"
EndProject
Global
	GlobalSection(SolutionConfigurationPlatforms) = preSolution
		Debug|Any CPU = Debug|Any CPU
		DropInPlugins|Any CPU = DropInPlugins|Any CPU
		Release|Any CPU = Release|Any CPU
	EndGlobalSection
	GlobalSection(ProjectConfigurationPlatforms) = postSolution
		{C300F33C-9319-478E-9F9D-E521C562ADFB}.Debug|Any CPU.ActiveCfg = Debug|Any CPU
		{C300F33C-9319-478E-9F9D-E521C562ADFB}.Debug|Any CPU.Build.0 = Debug|Any CPU
		{C300F33C-9319-478E-9F9D-E521C562ADFB}.DropInPlugins|Any CPU.ActiveCfg = Release|Any CPU
		{C300F33C-9319-478E-9F9D-E521C562ADFB}.DropInPlugins|Any CPU.Build.0 = Release|Any CPU
		{C300F33C-9319-478E-9F9D-E521C562ADFB}.Release|Any CPU.ActiveCfg = Release|Any CPU
		{C300F33C-9319-478E-9F9D-E521C562ADFB}.Release|Any CPU.Build.0 = Release|Any CPU
		{E08AAD38-AC47-46FC-B60A-6BA190AACFEB}.Debug|Any CPU.ActiveCfg = Debug|Any CPU
		{E08AAD38-AC47-46FC-B60A-6BA190AACFEB}.Debug|Any CPU.Build.0 = Debug|Any CPU
		{E08AAD38-AC47-46FC-B60A-6BA190AACFEB}.DropInPlugins|Any CPU.ActiveCfg = Debug|Any CPU
		{E08AAD38-AC47-46FC-B60A-6BA190AACFEB}.DropInPlugins|Any CPU.Build.0 = Debug|Any CPU
		{E08AAD38-AC47-46FC-B60A-6BA190AACFEB}.Release|Any CPU.ActiveCfg = Release|Any CPU
		{E08AAD38-AC47-46FC-B60A-6BA190AACFEB}.Release|Any CPU.Build.0 = Release|Any CPU
		{2AC34152-3665-4685-BE4B-CEDAB2EE8613}.Debug|Any CPU.ActiveCfg = Debug|Any CPU
		{2AC34152-3665-4685-BE4B-CEDAB2EE8613}.Debug|Any CPU.Build.0 = Debug|Any CPU
		{2AC34152-3665-4685-BE4B-CEDAB2EE8613}.DropInPlugins|Any CPU.ActiveCfg = Debug|Any CPU
		{2AC34152-3665-4685-BE4B-CEDAB2EE8613}.DropInPlugins|Any CPU.Build.0 = Debug|Any CPU
		{2AC34152-3665-4685-BE4B-CEDAB2EE8613}.Release|Any CPU.ActiveCfg = Release|Any CPU
		{2AC34152-3665-4685-BE4B-CEDAB2EE8613}.Release|Any CPU.Build.0 = Release|Any CPU
		{940CAB92-F2D0-4ED2-8879-653BBBD0C430}.Debug|Any CPU.ActiveCfg = Debug|Any CPU
		{940CAB92-F2D0-4ED2-8879-653BBBD0C430}.Debug|Any CPU.Build.0 = Debug|Any CPU
		{940CAB92-F2D0-4ED2-8879-653BBBD0C430}.DropInPlugins|Any CPU.ActiveCfg = Debug|Any CPU
		{940CAB92-F2D0-4ED2-8879-653BBBD0C430}.DropInPlugins|Any CPU.Build.0 = Debug|Any CPU
		{940CAB92-F2D0-4ED2-8879-653BBBD0C430}.Release|Any CPU.ActiveCfg = Release|Any CPU
		{940CAB92-F2D0-4ED2-8879-653BBBD0C430}.Release|Any CPU.Build.0 = Release|Any CPU
		{2238197E-CA3A-4C3D-BF4B-329AD1986BD1}.Debug|Any CPU.ActiveCfg = Debug|Any CPU
		{2238197E-CA3A-4C3D-BF4B-329AD1986BD1}.Debug|Any CPU.Build.0 = Debug|Any CPU
		{2238197E-CA3A-4C3D-BF4B-329AD1986BD1}.DropInPlugins|Any CPU.ActiveCfg = Debug|Any CPU
		{2238197E-CA3A-4C3D-BF4B-329AD1986BD1}.DropInPlugins|Any CPU.Build.0 = Debug|Any CPU
		{2238197E-CA3A-4C3D-BF4B-329AD1986BD1}.Release|Any CPU.ActiveCfg = Release|Any CPU
		{2238197E-CA3A-4C3D-BF4B-329AD1986BD1}.Release|Any CPU.Build.0 = Release|Any CPU
		{898F4A9D-2D18-474C-B722-9F609C2050FF}.Debug|Any CPU.ActiveCfg = Debug|Any CPU
		{898F4A9D-2D18-474C-B722-9F609C2050FF}.Debug|Any CPU.Build.0 = Debug|Any CPU
		{898F4A9D-2D18-474C-B722-9F609C2050FF}.DropInPlugins|Any CPU.ActiveCfg = Debug|Any CPU
		{898F4A9D-2D18-474C-B722-9F609C2050FF}.DropInPlugins|Any CPU.Build.0 = Debug|Any CPU
		{898F4A9D-2D18-474C-B722-9F609C2050FF}.Release|Any CPU.ActiveCfg = Release|Any CPU
		{898F4A9D-2D18-474C-B722-9F609C2050FF}.Release|Any CPU.Build.0 = Release|Any CPU
		{F2C49248-9CD9-4254-AD9E-84C07AAF1FE6}.Debug|Any CPU.ActiveCfg = Debug|Any CPU
		{F2C49248-9CD9-4254-AD9E-84C07AAF1FE6}.Debug|Any CPU.Build.0 = Debug|Any CPU
		{F2C49248-9CD9-4254-AD9E-84C07AAF1FE6}.DropInPlugins|Any CPU.ActiveCfg = Debug|Any CPU
		{F2C49248-9CD9-4254-AD9E-84C07AAF1FE6}.DropInPlugins|Any CPU.Build.0 = Debug|Any CPU
		{F2C49248-9CD9-4254-AD9E-84C07AAF1FE6}.Release|Any CPU.ActiveCfg = Release|Any CPU
		{F2C49248-9CD9-4254-AD9E-84C07AAF1FE6}.Release|Any CPU.Build.0 = Release|Any CPU
		{14798C4F-2567-4183-8CF1-592E545997F3}.Debug|Any CPU.ActiveCfg = Debug|Any CPU
		{14798C4F-2567-4183-8CF1-592E545997F3}.Debug|Any CPU.Build.0 = Debug|Any CPU
		{14798C4F-2567-4183-8CF1-592E545997F3}.DropInPlugins|Any CPU.ActiveCfg = DropInPlugins|Any CPU
		{14798C4F-2567-4183-8CF1-592E545997F3}.DropInPlugins|Any CPU.Build.0 = DropInPlugins|Any CPU
		{14798C4F-2567-4183-8CF1-592E545997F3}.Release|Any CPU.ActiveCfg = Release|Any CPU
		{14798C4F-2567-4183-8CF1-592E545997F3}.Release|Any CPU.Build.0 = Release|Any CPU
		{1423AD98-D1AA-458C-8ADF-39D5928F77A5}.Debug|Any CPU.ActiveCfg = Debug|Any CPU
		{1423AD98-D1AA-458C-8ADF-39D5928F77A5}.Debug|Any CPU.Build.0 = Debug|Any CPU
		{1423AD98-D1AA-458C-8ADF-39D5928F77A5}.DropInPlugins|Any CPU.ActiveCfg = Debug|Any CPU
		{1423AD98-D1AA-458C-8ADF-39D5928F77A5}.DropInPlugins|Any CPU.Build.0 = Debug|Any CPU
		{1423AD98-D1AA-458C-8ADF-39D5928F77A5}.Release|Any CPU.ActiveCfg = Release|Any CPU
		{1423AD98-D1AA-458C-8ADF-39D5928F77A5}.Release|Any CPU.Build.0 = Release|Any CPU
		{2B0AEE69-8518-495A-ABAB-AA3008CC0BAB}.Debug|Any CPU.ActiveCfg = Debug|Any CPU
		{2B0AEE69-8518-495A-ABAB-AA3008CC0BAB}.Debug|Any CPU.Build.0 = Debug|Any CPU
		{2B0AEE69-8518-495A-ABAB-AA3008CC0BAB}.DropInPlugins|Any CPU.ActiveCfg = Debug|Any CPU
		{2B0AEE69-8518-495A-ABAB-AA3008CC0BAB}.DropInPlugins|Any CPU.Build.0 = Debug|Any CPU
		{2B0AEE69-8518-495A-ABAB-AA3008CC0BAB}.Release|Any CPU.ActiveCfg = Release|Any CPU
		{2B0AEE69-8518-495A-ABAB-AA3008CC0BAB}.Release|Any CPU.Build.0 = Release|Any CPU
		{2FF13F8E-509A-4A49-BE82-67CD65F9B012}.Debug|Any CPU.ActiveCfg = Debug|Any CPU
		{2FF13F8E-509A-4A49-BE82-67CD65F9B012}.Debug|Any CPU.Build.0 = Debug|Any CPU
		{2FF13F8E-509A-4A49-BE82-67CD65F9B012}.DropInPlugins|Any CPU.ActiveCfg = Debug|Any CPU
		{2FF13F8E-509A-4A49-BE82-67CD65F9B012}.DropInPlugins|Any CPU.Build.0 = Debug|Any CPU
		{2FF13F8E-509A-4A49-BE82-67CD65F9B012}.Release|Any CPU.ActiveCfg = Release|Any CPU
		{2FF13F8E-509A-4A49-BE82-67CD65F9B012}.Release|Any CPU.Build.0 = Release|Any CPU
		{1276B255-728F-4EDE-985D-A800DD54AC50}.Debug|Any CPU.ActiveCfg = Debug|Any CPU
		{1276B255-728F-4EDE-985D-A800DD54AC50}.Debug|Any CPU.Build.0 = Debug|Any CPU
		{1276B255-728F-4EDE-985D-A800DD54AC50}.DropInPlugins|Any CPU.ActiveCfg = DropInPlugins|Any CPU
		{1276B255-728F-4EDE-985D-A800DD54AC50}.DropInPlugins|Any CPU.Build.0 = DropInPlugins|Any CPU
		{1276B255-728F-4EDE-985D-A800DD54AC50}.Release|Any CPU.ActiveCfg = Release|Any CPU
		{1276B255-728F-4EDE-985D-A800DD54AC50}.Release|Any CPU.Build.0 = Release|Any CPU
		{3E4106F3-2BDB-4B7A-8329-35BC07C8250E}.Debug|Any CPU.ActiveCfg = Debug|Any CPU
		{3E4106F3-2BDB-4B7A-8329-35BC07C8250E}.Debug|Any CPU.Build.0 = Debug|Any CPU
		{3E4106F3-2BDB-4B7A-8329-35BC07C8250E}.DropInPlugins|Any CPU.ActiveCfg = Debug|Any CPU
		{3E4106F3-2BDB-4B7A-8329-35BC07C8250E}.DropInPlugins|Any CPU.Build.0 = Debug|Any CPU
		{3E4106F3-2BDB-4B7A-8329-35BC07C8250E}.Release|Any CPU.ActiveCfg = Release|Any CPU
		{3E4106F3-2BDB-4B7A-8329-35BC07C8250E}.Release|Any CPU.Build.0 = Release|Any CPU
		{67FD9018-CF98-48F7-9F30-D636CC4F63ED}.Debug|Any CPU.ActiveCfg = Debug|Any CPU
		{67FD9018-CF98-48F7-9F30-D636CC4F63ED}.Debug|Any CPU.Build.0 = Debug|Any CPU
		{67FD9018-CF98-48F7-9F30-D636CC4F63ED}.DropInPlugins|Any CPU.ActiveCfg = Debug|Any CPU
		{67FD9018-CF98-48F7-9F30-D636CC4F63ED}.DropInPlugins|Any CPU.Build.0 = Debug|Any CPU
		{67FD9018-CF98-48F7-9F30-D636CC4F63ED}.Release|Any CPU.ActiveCfg = Release|Any CPU
		{67FD9018-CF98-48F7-9F30-D636CC4F63ED}.Release|Any CPU.Build.0 = Release|Any CPU
	EndGlobalSection
	GlobalSection(SolutionProperties) = preSolution
		HideSolutionNode = FALSE
	EndGlobalSection
	GlobalSection(ExtensibilityGlobals) = postSolution
		SolutionGuid = {22CCC7AD-E087-4CDA-AC0D-B66645916516}
	EndGlobalSection
EndGlobal
